
Microsoft Visual Studio Solution File, Format Version 12.00
# Visual Studio Version 17
VisualStudioVersion = 17.0.31903.59
MinimumVisualStudioVersion = 10.0.40219.1
Project("{FAE04EC0-301F-11D3-BF4B-00C04F79EFBC}") = "Beacon.Api", "Beacon.Api\Beacon.Api.csproj", "{C1788640-C0CE-4EAB-AAC7-2B5405F2C769}"
EndProject
Project("{FAE04EC0-301F-11D3-BF4B-00C04F79EFBC}") = "Beacon.Application", "Beacon.Application\Beacon.Application.csproj", "{1186B0F7-CDD4-4DE7-B7FD-ADBA3CB523CF}"
EndProject
Project("{FAE04EC0-301F-11D3-BF4B-00C04F79EFBC}") = "Beacon.Domain", "Beacon.Domain\Beacon.Domain.csproj", "{DC68D621-68F9-4538-97A6-1837AC401AEC}"
EndProject
Project("{FAE04EC0-301F-11D3-BF4B-00C04F79EFBC}") = "Beacon.Infrashtructure", "Beacon.Infrashtructure\Beacon.Infrashtructure.csproj", "{CFC859A9-FCDC-4AB2-A246-30C1C9A6A2CB}"
EndProject
Project("{FAE04EC0-301F-11D3-BF4B-00C04F79EFBC}") = "Beacon.Shared", "Beacon.Shared\Beacon.Shared.csproj", "{509F6628-EE0A-43DB-A62D-588F959D3BF2}"
EndProject
Project("{2150E333-8FDC-42A3-9474-1A3956D46DE8}") = "tests", "tests", "{B16F08C4-8A7A-40ED-9533-446EBB985A2B}"
EndProject
Project("{FAE04EC0-301F-11D3-BF4B-00C04F79EFBC}") = "Beacon.IntergrationTests", "tests\Beacon.IntergrationTests\Beacon.IntergrationTests.csproj", "{51E79143-E6F6-4FA2-B701-573321F833B9}"
EndProject
Project("{FAE04EC0-301F-11D3-BF4B-00C04F79EFBC}") = "Beacon.UnitTests", "tests\Beacon.UnitTests\Beacon.UnitTests.csproj", "{E53D6B5F-38C8-4F25-AEAD-4AC1DCCFCBBA}"
EndProject
Project("{FAE04EC0-301F-11D3-BF4B-00C04F79EFBC}") = "Beacon.UnitTests", "..\tests\Beacon.UnitTests\Beacon.UnitTests.csproj", "{2506730B-3453-40CA-A2B9-FE726C4BA0E5}"
EndProject
Global
	GlobalSection(SolutionConfigurationPlatforms) = preSolution
		Debug|Any CPU = Debug|Any CPU
		Debug|x64 = Debug|x64
		Debug|x86 = Debug|x86
		Release|Any CPU = Release|Any CPU
		Release|x64 = Release|x64
		Release|x86 = Release|x86
	EndGlobalSection
	GlobalSection(ProjectConfigurationPlatforms) = postSolution
		{C1788640-C0CE-4EAB-AAC7-2B5405F2C769}.Debug|Any CPU.ActiveCfg = Debug|Any CPU
		{C1788640-C0CE-4EAB-AAC7-2B5405F2C769}.Debug|Any CPU.Build.0 = Debug|Any CPU
		{C1788640-C0CE-4EAB-AAC7-2B5405F2C769}.Debug|x64.ActiveCfg = Debug|Any CPU
		{C1788640-C0CE-4EAB-AAC7-2B5405F2C769}.Debug|x64.Build.0 = Debug|Any CPU
		{C1788640-C0CE-4EAB-AAC7-2B5405F2C769}.Debug|x86.ActiveCfg = Debug|Any CPU
		{C1788640-C0CE-4EAB-AAC7-2B5405F2C769}.Debug|x86.Build.0 = Debug|Any CPU
		{C1788640-C0CE-4EAB-AAC7-2B5405F2C769}.Release|Any CPU.ActiveCfg = Release|Any CPU
		{C1788640-C0CE-4EAB-AAC7-2B5405F2C769}.Release|Any CPU.Build.0 = Release|Any CPU
		{C1788640-C0CE-4EAB-AAC7-2B5405F2C769}.Release|x64.ActiveCfg = Release|Any CPU
		{C1788640-C0CE-4EAB-AAC7-2B5405F2C769}.Release|x64.Build.0 = Release|Any CPU
		{C1788640-C0CE-4EAB-AAC7-2B5405F2C769}.Release|x86.ActiveCfg = Release|Any CPU
		{C1788640-C0CE-4EAB-AAC7-2B5405F2C769}.Release|x86.Build.0 = Release|Any CPU
		{1186B0F7-CDD4-4DE7-B7FD-ADBA3CB523CF}.Debug|Any CPU.ActiveCfg = Debug|Any CPU
		{1186B0F7-CDD4-4DE7-B7FD-ADBA3CB523CF}.Debug|Any CPU.Build.0 = Debug|Any CPU
		{1186B0F7-CDD4-4DE7-B7FD-ADBA3CB523CF}.Debug|x64.ActiveCfg = Debug|Any CPU
		{1186B0F7-CDD4-4DE7-B7FD-ADBA3CB523CF}.Debug|x64.Build.0 = Debug|Any CPU
		{1186B0F7-CDD4-4DE7-B7FD-ADBA3CB523CF}.Debug|x86.ActiveCfg = Debug|Any CPU
		{1186B0F7-CDD4-4DE7-B7FD-ADBA3CB523CF}.Debug|x86.Build.0 = Debug|Any CPU
		{1186B0F7-CDD4-4DE7-B7FD-ADBA3CB523CF}.Release|Any CPU.ActiveCfg = Release|Any CPU
		{1186B0F7-CDD4-4DE7-B7FD-ADBA3CB523CF}.Release|Any CPU.Build.0 = Release|Any CPU
		{1186B0F7-CDD4-4DE7-B7FD-ADBA3CB523CF}.Release|x64.ActiveCfg = Release|Any CPU
		{1186B0F7-CDD4-4DE7-B7FD-ADBA3CB523CF}.Release|x64.Build.0 = Release|Any CPU
		{1186B0F7-CDD4-4DE7-B7FD-ADBA3CB523CF}.Release|x86.ActiveCfg = Release|Any CPU
		{1186B0F7-CDD4-4DE7-B7FD-ADBA3CB523CF}.Release|x86.Build.0 = Release|Any CPU
		{DC68D621-68F9-4538-97A6-1837AC401AEC}.Debug|Any CPU.ActiveCfg = Debug|Any CPU
		{DC68D621-68F9-4538-97A6-1837AC401AEC}.Debug|Any CPU.Build.0 = Debug|Any CPU
		{DC68D621-68F9-4538-97A6-1837AC401AEC}.Debug|x64.ActiveCfg = Debug|Any CPU
		{DC68D621-68F9-4538-97A6-1837AC401AEC}.Debug|x64.Build.0 = Debug|Any CPU
		{DC68D621-68F9-4538-97A6-1837AC401AEC}.Debug|x86.ActiveCfg = Debug|Any CPU
		{DC68D621-68F9-4538-97A6-1837AC401AEC}.Debug|x86.Build.0 = Debug|Any CPU
		{DC68D621-68F9-4538-97A6-1837AC401AEC}.Release|Any CPU.ActiveCfg = Release|Any CPU
		{DC68D621-68F9-4538-97A6-1837AC401AEC}.Release|Any CPU.Build.0 = Release|Any CPU
		{DC68D621-68F9-4538-97A6-1837AC401AEC}.Release|x64.ActiveCfg = Release|Any CPU
		{DC68D621-68F9-4538-97A6-1837AC401AEC}.Release|x64.Build.0 = Release|Any CPU
		{DC68D621-68F9-4538-97A6-1837AC401AEC}.Release|x86.ActiveCfg = Release|Any CPU
		{DC68D621-68F9-4538-97A6-1837AC401AEC}.Release|x86.Build.0 = Release|Any CPU
		{CFC859A9-FCDC-4AB2-A246-30C1C9A6A2CB}.Debug|Any CPU.ActiveCfg = Debug|Any CPU
		{CFC859A9-FCDC-4AB2-A246-30C1C9A6A2CB}.Debug|Any CPU.Build.0 = Debug|Any CPU
		{CFC859A9-FCDC-4AB2-A246-30C1C9A6A2CB}.Debug|x64.ActiveCfg = Debug|Any CPU
		{CFC859A9-FCDC-4AB2-A246-30C1C9A6A2CB}.Debug|x64.Build.0 = Debug|Any CPU
		{CFC859A9-FCDC-4AB2-A246-30C1C9A6A2CB}.Debug|x86.ActiveCfg = Debug|Any CPU
		{CFC859A9-FCDC-4AB2-A246-30C1C9A6A2CB}.Debug|x86.Build.0 = Debug|Any CPU
		{CFC859A9-FCDC-4AB2-A246-30C1C9A6A2CB}.Release|Any CPU.ActiveCfg = Release|Any CPU
		{CFC859A9-FCDC-4AB2-A246-30C1C9A6A2CB}.Release|Any CPU.Build.0 = Release|Any CPU
		{CFC859A9-FCDC-4AB2-A246-30C1C9A6A2CB}.Release|x64.ActiveCfg = Release|Any CPU
		{CFC859A9-FCDC-4AB2-A246-30C1C9A6A2CB}.Release|x64.Build.0 = Release|Any CPU
		{CFC859A9-FCDC-4AB2-A246-30C1C9A6A2CB}.Release|x86.ActiveCfg = Release|Any CPU
		{CFC859A9-FCDC-4AB2-A246-30C1C9A6A2CB}.Release|x86.Build.0 = Release|Any CPU
		{509F6628-EE0A-43DB-A62D-588F959D3BF2}.Debug|Any CPU.ActiveCfg = Debug|Any CPU
		{509F6628-EE0A-43DB-A62D-588F959D3BF2}.Debug|Any CPU.Build.0 = Debug|Any CPU
		{509F6628-EE0A-43DB-A62D-588F959D3BF2}.Debug|x64.ActiveCfg = Debug|Any CPU
		{509F6628-EE0A-43DB-A62D-588F959D3BF2}.Debug|x64.Build.0 = Debug|Any CPU
		{509F6628-EE0A-43DB-A62D-588F959D3BF2}.Debug|x86.ActiveCfg = Debug|Any CPU
		{509F6628-EE0A-43DB-A62D-588F959D3BF2}.Debug|x86.Build.0 = Debug|Any CPU
		{509F6628-EE0A-43DB-A62D-588F959D3BF2}.Release|Any CPU.ActiveCfg = Release|Any CPU
		{509F6628-EE0A-43DB-A62D-588F959D3BF2}.Release|Any CPU.Build.0 = Release|Any CPU
		{509F6628-EE0A-43DB-A62D-588F959D3BF2}.Release|x64.ActiveCfg = Release|Any CPU
		{509F6628-EE0A-43DB-A62D-588F959D3BF2}.Release|x64.Build.0 = Release|Any CPU
		{509F6628-EE0A-43DB-A62D-588F959D3BF2}.Release|x86.ActiveCfg = Release|Any CPU
		{509F6628-EE0A-43DB-A62D-588F959D3BF2}.Release|x86.Build.0 = Release|Any CPU
		{51E79143-E6F6-4FA2-B701-573321F833B9}.Debug|Any CPU.ActiveCfg = Debug|Any CPU
		{51E79143-E6F6-4FA2-B701-573321F833B9}.Debug|Any CPU.Build.0 = Debug|Any CPU
		{51E79143-E6F6-4FA2-B701-573321F833B9}.Debug|x64.ActiveCfg = Debug|Any CPU
		{51E79143-E6F6-4FA2-B701-573321F833B9}.Debug|x64.Build.0 = Debug|Any CPU
		{51E79143-E6F6-4FA2-B701-573321F833B9}.Debug|x86.ActiveCfg = Debug|Any CPU
		{51E79143-E6F6-4FA2-B701-573321F833B9}.Debug|x86.Build.0 = Debug|Any CPU
		{51E79143-E6F6-4FA2-B701-573321F833B9}.Release|Any CPU.ActiveCfg = Release|Any CPU
		{51E79143-E6F6-4FA2-B701-573321F833B9}.Release|Any CPU.Build.0 = Release|Any CPU
		{51E79143-E6F6-4FA2-B701-573321F833B9}.Release|x64.ActiveCfg = Release|Any CPU
		{51E79143-E6F6-4FA2-B701-573321F833B9}.Release|x64.Build.0 = Release|Any CPU
		{51E79143-E6F6-4FA2-B701-573321F833B9}.Release|x86.ActiveCfg = Release|Any CPU
		{51E79143-E6F6-4FA2-B701-573321F833B9}.Release|x86.Build.0 = Release|Any CPU
		{E53D6B5F-38C8-4F25-AEAD-4AC1DCCFCBBA}.Debug|Any CPU.ActiveCfg = Debug|Any CPU
		{E53D6B5F-38C8-4F25-AEAD-4AC1DCCFCBBA}.Debug|Any CPU.Build.0 = Debug|Any CPU
		{E53D6B5F-38C8-4F25-AEAD-4AC1DCCFCBBA}.Debug|x64.ActiveCfg = Debug|Any CPU
		{E53D6B5F-38C8-4F25-AEAD-4AC1DCCFCBBA}.Debug|x64.Build.0 = Debug|Any CPU
		{E53D6B5F-38C8-4F25-AEAD-4AC1DCCFCBBA}.Debug|x86.ActiveCfg = Debug|Any CPU
		{E53D6B5F-38C8-4F25-AEAD-4AC1DCCFCBBA}.Debug|x86.Build.0 = Debug|Any CPU
		{E53D6B5F-38C8-4F25-AEAD-4AC1DCCFCBBA}.Release|Any CPU.ActiveCfg = Release|Any CPU
		{E53D6B5F-38C8-4F25-AEAD-4AC1DCCFCBBA}.Release|Any CPU.Build.0 = Release|Any CPU
		{E53D6B5F-38C8-4F25-AEAD-4AC1DCCFCBBA}.Release|x64.ActiveCfg = Release|Any CPU
		{E53D6B5F-38C8-4F25-AEAD-4AC1DCCFCBBA}.Release|x64.Build.0 = Release|Any CPU
		{E53D6B5F-38C8-4F25-AEAD-4AC1DCCFCBBA}.Release|x86.ActiveCfg = Release|Any CPU
		{E53D6B5F-38C8-4F25-AEAD-4AC1DCCFCBBA}.Release|x86.Build.0 = Release|Any CPU
		{2506730B-3453-40CA-A2B9-FE726C4BA0E5}.Debug|Any CPU.ActiveCfg = Debug|Any CPU
		{2506730B-3453-40CA-A2B9-FE726C4BA0E5}.Debug|Any CPU.Build.0 = Debug|Any CPU
		{2506730B-3453-40CA-A2B9-FE726C4BA0E5}.Debug|x64.ActiveCfg = Debug|Any CPU
		{2506730B-3453-40CA-A2B9-FE726C4BA0E5}.Debug|x64.Build.0 = Debug|Any CPU
		{2506730B-3453-40CA-A2B9-FE726C4BA0E5}.Debug|x86.ActiveCfg = Debug|Any CPU
		{2506730B-3453-40CA-A2B9-FE726C4BA0E5}.Debug|x86.Build.0 = Debug|Any CPU
		{2506730B-3453-40CA-A2B9-FE726C4BA0E5}.Release|Any CPU.ActiveCfg = Release|Any CPU
		{2506730B-3453-40CA-A2B9-FE726C4BA0E5}.Release|Any CPU.Build.0 = Release|Any CPU
		{2506730B-3453-40CA-A2B9-FE726C4BA0E5}.Release|x64.ActiveCfg = Release|Any CPU
		{2506730B-3453-40CA-A2B9-FE726C4BA0E5}.Release|x64.Build.0 = Release|Any CPU
		{2506730B-3453-40CA-A2B9-FE726C4BA0E5}.Release|x86.ActiveCfg = Release|Any CPU
		{2506730B-3453-40CA-A2B9-FE726C4BA0E5}.Release|x86.Build.0 = Release|Any CPU
	EndGlobalSection
	GlobalSection(SolutionProperties) = preSolution
		HideSolutionNode = FALSE
	EndGlobalSection
	GlobalSection(NestedProjects) = preSolution
		{51E79143-E6F6-4FA2-B701-573321F833B9} = {B16F08C4-8A7A-40ED-9533-446EBB985A2B}
		{E53D6B5F-38C8-4F25-AEAD-4AC1DCCFCBBA} = {B16F08C4-8A7A-40ED-9533-446EBB985A2B}
	EndGlobalSection
EndGlobal
